{
  "object": {
    "pins": [
      {
        "package": "Amplitude",
        "repositoryURL": "https://github.com/amplitude/Amplitude-iOS",
        "state": {
          "branch": null,
          "revision": "3948ac38ee6c35f82a89eac864003e1641e386d7",
          "version": "5.3.0"
        }
      },
      {
        "package": "PinLayout",
        "repositoryURL": "https://github.com/layoutBox/PinLayout",
        "state": {
          "branch": null,
          "revision": "0a0a65290cc52ba2410475d4388420f76a63eff9",
          "version": "1.9.2"
        }
      },
      {
        "package": "SideMenu",
        "repositoryURL": "https://github.com/jonkykong/SideMenu",
        "state": {
          "branch": null,
          "revision": "138103093176154f84ae9a2a63e58b9ae78bc6d7",
          "version": "6.4.8"
        }
      },
      {
        "package": "ViewAnimator",
        "repositoryURL": "https://github.com/marcosgriselli/ViewAnimator",
        "state": {
          "branch": null,
          "revision": "17e7ba9e9c9e09bfd46086e0189b198fedc67847",
          "version": "2.7.0"
        }
      }
    ]
  },
  "version": 1
}
