// !$*UTF8*$!
{
	archiveVersion = 1;
	classes = {
	};
	objectVersion = 52;
	objects = {

/* Begin PBXBuildFile section */
		E60DFBD124C2121600043A76 /* AppDelegate.swift in Sources */ = {isa = PBXBuildFile; fileRef = E60DFBD024C2121600043A76 /* AppDelegate.swift */; };
		E60DFBD524C2121600043A76 /* MainVC.swift in Sources */ = {isa = PBXBuildFile; fileRef = E60DFBD424C2121600043A76 /* MainVC.swift */; };
		E60DFBDA24C2121B00043A76 /* Assets.xcassets in Resources */ = {isa = PBXBuildFile; fileRef = E60DFBD924C2121B00043A76 /* Assets.xcassets */; };
		E60DFBDD24C2121B00043A76 /* LaunchScreen.storyboard in Resources */ = {isa = PBXBuildFile; fileRef = E60DFBDB24C2121B00043A76 /* LaunchScreen.storyboard */; };
		E63240DE24DAEFB1000D9F19 /* ColorThemeCell.swift in Sources */ = {isa = PBXBuildFile; fileRef = E63240DD24DAEFB1000D9F19 /* ColorThemeCell.swift */; };
		E64EFD2324D9AD4900CC3208 /* MenuVC.swift in Sources */ = {isa = PBXBuildFile; fileRef = E64EFD2224D9AD4900CC3208 /* MenuVC.swift */; };
		E64EFD2624D9ED7F00CC3208 /* ColorThemeVC.swift in Sources */ = {isa = PBXBuildFile; fileRef = E64EFD2524D9ED7F00CC3208 /* ColorThemeVC.swift */; };
		E6505E8424DB487800107180 /* MenuCell.swift in Sources */ = {isa = PBXBuildFile; fileRef = E6505E8324DB487800107180 /* MenuCell.swift */; };
		E6505E8724DB555900107180 /* SettingsVC.swift in Sources */ = {isa = PBXBuildFile; fileRef = E6505E8624DB555900107180 /* SettingsVC.swift */; };
		E656C30224C771FF00FCF85E /* NewTaskVC.swift in Sources */ = {isa = PBXBuildFile; fileRef = E656C30124C771FF00FCF85E /* NewTaskVC.swift */; };
		E68450D224C84632005D72A5 /* ViewAnimator in Frameworks */ = {isa = PBXBuildFile; productRef = E68450D124C84632005D72A5 /* ViewAnimator */; };
		E68450D524C8924F005D72A5 /* CoreDataModel.xcdatamodeld in Sources */ = {isa = PBXBuildFile; fileRef = E68450D324C8924F005D72A5 /* CoreDataModel.xcdatamodeld */; };
		E68E3F4524CF300300E7EA7F /* LocalNotifications.swift in Sources */ = {isa = PBXBuildFile; fileRef = E68E3F4424CF300300E7EA7F /* LocalNotifications.swift */; };
		E68E3F4F24CF34BA00E7EA7F /* CoreData.swift in Sources */ = {isa = PBXBuildFile; fileRef = E68E3F4E24CF34BA00E7EA7F /* CoreData.swift */; };
		E68E3F5224CF352600E7EA7F /* TaskModel.swift in Sources */ = {isa = PBXBuildFile; fileRef = E68E3F5124CF352600E7EA7F /* TaskModel.swift */; };
		E68E3F5524CF38E900E7EA7F /* Date.swift in Sources */ = {isa = PBXBuildFile; fileRef = E68E3F5424CF38E900E7EA7F /* Date.swift */; };
		E69ADC9F24DAC1BA0009C120 /* Colors.swift in Sources */ = {isa = PBXBuildFile; fileRef = E69ADC9E24DAC1BA0009C120 /* Colors.swift */; };
		E6A5CB9624D81F320036F45B /* UIApplication.swift in Sources */ = {isa = PBXBuildFile; fileRef = E6A5CB9524D81F320036F45B /* UIApplication.swift */; };
		E6A5CB9C24D829EA0036F45B /* sound-done.mp3 in Resources */ = {isa = PBXBuildFile; fileRef = E6A5CB9824D829E90036F45B /* sound-done.mp3 */; };
		E6A5CB9D24D829EA0036F45B /* sound-pull.mp3 in Resources */ = {isa = PBXBuildFile; fileRef = E6A5CB9924D829EA0036F45B /* sound-pull.mp3 */; };
		E6A5CB9E24D829EA0036F45B /* sound-pop.mp3 in Resources */ = {isa = PBXBuildFile; fileRef = E6A5CB9A24D829EA0036F45B /* sound-pop.mp3 */; };
		E6A5CB9F24D829EA0036F45B /* sound-push.mp3 in Resources */ = {isa = PBXBuildFile; fileRef = E6A5CB9B24D829EA0036F45B /* sound-push.mp3 */; };
		E6D6EEEE24C2D94400AF82A3 /* DayCell.swift in Sources */ = {isa = PBXBuildFile; fileRef = E6D6EEED24C2D94400AF82A3 /* DayCell.swift */; };
		E6D6EEF024C37CE300AF82A3 /* TaskCell.swift in Sources */ = {isa = PBXBuildFile; fileRef = E6D6EEEF24C37CE300AF82A3 /* TaskCell.swift */; };
		E6F95BA824D9A7FD0092DBF0 /* SideMenu in Frameworks */ = {isa = PBXBuildFile; productRef = E6F95BA724D9A7FD0092DBF0 /* SideMenu */; };
/* End PBXBuildFile section */

/* Begin PBXFileReference section */
		E60DFBCD24C2121600043A76 /* ezTask.app */ = {isa = PBXFileReference; explicitFileType = wrapper.application; includeInIndex = 0; path = ezTask.app; sourceTree = BUILT_PRODUCTS_DIR; };
		E60DFBD024C2121600043A76 /* AppDelegate.swift */ = {isa = PBXFileReference; lastKnownFileType = sourcecode.swift; path = AppDelegate.swift; sourceTree = "<group>"; };
		E60DFBD424C2121600043A76 /* MainVC.swift */ = {isa = PBXFileReference; lastKnownFileType = sourcecode.swift; path = MainVC.swift; sourceTree = "<group>"; };
		E60DFBD924C2121B00043A76 /* Assets.xcassets */ = {isa = PBXFileReference; lastKnownFileType = folder.assetcatalog; path = Assets.xcassets; sourceTree = "<group>"; };
		E60DFBDC24C2121B00043A76 /* Base */ = {isa = PBXFileReference; lastKnownFileType = file.storyboard; name = Base; path = Base.lproj/LaunchScreen.storyboard; sourceTree = "<group>"; };
		E60DFBDE24C2121B00043A76 /* Info.plist */ = {isa = PBXFileReference; lastKnownFileType = text.plist.xml; path = Info.plist; sourceTree = "<group>"; };
		E63240DD24DAEFB1000D9F19 /* ColorThemeCell.swift */ = {isa = PBXFileReference; lastKnownFileType = sourcecode.swift; path = ColorThemeCell.swift; sourceTree = "<group>"; };
		E64EFD2224D9AD4900CC3208 /* MenuVC.swift */ = {isa = PBXFileReference; lastKnownFileType = sourcecode.swift; path = MenuVC.swift; sourceTree = "<group>"; };
		E64EFD2524D9ED7F00CC3208 /* ColorThemeVC.swift */ = {isa = PBXFileReference; lastKnownFileType = sourcecode.swift; path = ColorThemeVC.swift; sourceTree = "<group>"; };
		E6505E8324DB487800107180 /* MenuCell.swift */ = {isa = PBXFileReference; lastKnownFileType = sourcecode.swift; path = MenuCell.swift; sourceTree = "<group>"; };
		E6505E8624DB555900107180 /* SettingsVC.swift */ = {isa = PBXFileReference; lastKnownFileType = sourcecode.swift; path = SettingsVC.swift; sourceTree = "<group>"; };
		E656C30124C771FF00FCF85E /* NewTaskVC.swift */ = {isa = PBXFileReference; lastKnownFileType = sourcecode.swift; path = NewTaskVC.swift; sourceTree = "<group>"; };
		E68450D424C8924F005D72A5 /* TaskDataModel.xcdatamodel */ = {isa = PBXFileReference; lastKnownFileType = wrapper.xcdatamodel; path = TaskDataModel.xcdatamodel; sourceTree = "<group>"; };
		E68E3F4424CF300300E7EA7F /* LocalNotifications.swift */ = {isa = PBXFileReference; lastKnownFileType = sourcecode.swift; path = LocalNotifications.swift; sourceTree = "<group>"; };
		E68E3F4E24CF34BA00E7EA7F /* CoreData.swift */ = {isa = PBXFileReference; lastKnownFileType = sourcecode.swift; path = CoreData.swift; sourceTree = "<group>"; };
		E68E3F5124CF352600E7EA7F /* TaskModel.swift */ = {isa = PBXFileReference; lastKnownFileType = sourcecode.swift; path = TaskModel.swift; sourceTree = "<group>"; };
		E68E3F5424CF38E900E7EA7F /* Date.swift */ = {isa = PBXFileReference; lastKnownFileType = sourcecode.swift; path = Date.swift; sourceTree = "<group>"; };
		E69ADC9E24DAC1BA0009C120 /* Colors.swift */ = {isa = PBXFileReference; lastKnownFileType = sourcecode.swift; path = Colors.swift; sourceTree = "<group>"; };
		E6A5CB9524D81F320036F45B /* UIApplication.swift */ = {isa = PBXFileReference; lastKnownFileType = sourcecode.swift; path = UIApplication.swift; sourceTree = "<group>"; };
		E6A5CB9824D829E90036F45B /* sound-done.mp3 */ = {isa = PBXFileReference; lastKnownFileType = audio.mp3; path = "sound-done.mp3"; sourceTree = "<group>"; };
		E6A5CB9924D829EA0036F45B /* sound-pull.mp3 */ = {isa = PBXFileReference; lastKnownFileType = audio.mp3; path = "sound-pull.mp3"; sourceTree = "<group>"; };
		E6A5CB9A24D829EA0036F45B /* sound-pop.mp3 */ = {isa = PBXFileReference; lastKnownFileType = audio.mp3; path = "sound-pop.mp3"; sourceTree = "<group>"; };
		E6A5CB9B24D829EA0036F45B /* sound-push.mp3 */ = {isa = PBXFileReference; lastKnownFileType = audio.mp3; path = "sound-push.mp3"; sourceTree = "<group>"; };
		E6D6EEED24C2D94400AF82A3 /* DayCell.swift */ = {isa = PBXFileReference; lastKnownFileType = sourcecode.swift; path = DayCell.swift; sourceTree = "<group>"; };
		E6D6EEEF24C37CE300AF82A3 /* TaskCell.swift */ = {isa = PBXFileReference; lastKnownFileType = sourcecode.swift; path = TaskCell.swift; sourceTree = "<group>"; };
/* End PBXFileReference section */

/* Begin PBXFrameworksBuildPhase section */
		E60DFBCA24C2121600043A76 /* Frameworks */ = {
			isa = PBXFrameworksBuildPhase;
			buildActionMask = 2147483647;
			files = (
				E6F95BA824D9A7FD0092DBF0 /* SideMenu in Frameworks */,
				E68450D224C84632005D72A5 /* ViewAnimator in Frameworks */,
			);
			runOnlyForDeploymentPostprocessing = 0;
		};
/* End PBXFrameworksBuildPhase section */

/* Begin PBXGroup section */
		E60DFBC424C2121600043A76 = {
			isa = PBXGroup;
			children = (
				E60DFBCF24C2121600043A76 /* ezTask */,
				E60DFBCE24C2121600043A76 /* Products */,
			);
			sourceTree = "<group>";
		};
		E60DFBCE24C2121600043A76 /* Products */ = {
			isa = PBXGroup;
			children = (
				E60DFBCD24C2121600043A76 /* ezTask.app */,
			);
			name = Products;
			sourceTree = "<group>";
		};
		E60DFBCF24C2121600043A76 /* ezTask */ = {
			isa = PBXGroup;
			children = (
				E60DFBD024C2121600043A76 /* AppDelegate.swift */,
				E6505E8524DB553F00107180 /* Settings */,
				E64EFD2424D9ED6700CC3208 /* ColorTheme */,
				E64EFD2124D9AD3200CC3208 /* Menu */,
				E62D4E1424D5F2DB00062758 /* MainVC */,
				E62D4E1524D5F2EE00062758 /* NewTaskVC */,
				E68E3F5024CF34FE00E7EA7F /* Structs */,
				E68E3F4D24CF34AA00E7EA7F /* Storage */,
				E68E3F4324CF2FE700E7EA7F /* Notifications */,
				E68E3F5324CF38D600E7EA7F /* Extensions */,
				E68E3F5624D0103E00E7EA7F /* Resources */,
				E60DFBDE24C2121B00043A76 /* Info.plist */,
			);
			path = ezTask;
			sourceTree = "<group>";
		};
		E62D4E1424D5F2DB00062758 /* MainVC */ = {
			isa = PBXGroup;
			children = (
				E60DFBD424C2121600043A76 /* MainVC.swift */,
				E6D6EEEF24C37CE300AF82A3 /* TaskCell.swift */,
				E6D6EEED24C2D94400AF82A3 /* DayCell.swift */,
			);
			path = MainVC;
			sourceTree = "<group>";
		};
		E62D4E1524D5F2EE00062758 /* NewTaskVC */ = {
			isa = PBXGroup;
			children = (
				E656C30124C771FF00FCF85E /* NewTaskVC.swift */,
			);
			path = NewTaskVC;
			sourceTree = "<group>";
		};
		E64EFD2124D9AD3200CC3208 /* Menu */ = {
			isa = PBXGroup;
			children = (
				E64EFD2224D9AD4900CC3208 /* MenuVC.swift */,
				E6505E8324DB487800107180 /* MenuCell.swift */,
			);
			path = Menu;
			sourceTree = "<group>";
		};
		E64EFD2424D9ED6700CC3208 /* ColorTheme */ = {
			isa = PBXGroup;
			children = (
				E64EFD2524D9ED7F00CC3208 /* ColorThemeVC.swift */,
				E63240DD24DAEFB1000D9F19 /* ColorThemeCell.swift */,
			);
			path = ColorTheme;
			sourceTree = "<group>";
		};
		E6505E8524DB553F00107180 /* Settings */ = {
			isa = PBXGroup;
			children = (
				E6505E8624DB555900107180 /* SettingsVC.swift */,
			);
			path = Settings;
			sourceTree = "<group>";
		};
		E68E3F4324CF2FE700E7EA7F /* Notifications */ = {
			isa = PBXGroup;
			children = (
				E68E3F4424CF300300E7EA7F /* LocalNotifications.swift */,
			);
			path = Notifications;
			sourceTree = "<group>";
		};
		E68E3F4D24CF34AA00E7EA7F /* Storage */ = {
			isa = PBXGroup;
			children = (
				E68450D324C8924F005D72A5 /* CoreDataModel.xcdatamodeld */,
				E68E3F4E24CF34BA00E7EA7F /* CoreData.swift */,
			);
			path = Storage;
			sourceTree = "<group>";
		};
		E68E3F5024CF34FE00E7EA7F /* Structs */ = {
			isa = PBXGroup;
			children = (
				E68E3F5124CF352600E7EA7F /* TaskModel.swift */,
			);
			path = Structs;
			sourceTree = "<group>";
		};
		E68E3F5324CF38D600E7EA7F /* Extensions */ = {
			isa = PBXGroup;
			children = (
				E68E3F5424CF38E900E7EA7F /* Date.swift */,
				E6A5CB9524D81F320036F45B /* UIApplication.swift */,
				E69ADC9E24DAC1BA0009C120 /* Colors.swift */,
			);
			path = Extensions;
			sourceTree = "<group>";
		};
		E68E3F5624D0103E00E7EA7F /* Resources */ = {
			isa = PBXGroup;
			children = (
				E6A5CB9724D829D60036F45B /* Sounds */,
				E60DFBD924C2121B00043A76 /* Assets.xcassets */,
				E60DFBDB24C2121B00043A76 /* LaunchScreen.storyboard */,
			);
			path = Resources;
			sourceTree = "<group>";
		};
		E6A5CB9724D829D60036F45B /* Sounds */ = {
			isa = PBXGroup;
			children = (
				E6A5CB9A24D829EA0036F45B /* sound-pop.mp3 */,
				E6A5CB9824D829E90036F45B /* sound-done.mp3 */,
				E6A5CB9924D829EA0036F45B /* sound-pull.mp3 */,
				E6A5CB9B24D829EA0036F45B /* sound-push.mp3 */,
			);
			path = Sounds;
			sourceTree = "<group>";
		};
/* End PBXGroup section */

/* Begin PBXNativeTarget section */
		E60DFBCC24C2121600043A76 /* ezTask */ = {
			isa = PBXNativeTarget;
			buildConfigurationList = E60DFBE124C2121B00043A76 /* Build configuration list for PBXNativeTarget "ezTask" */;
			buildPhases = (
				E60DFBC924C2121600043A76 /* Sources */,
				E60DFBCA24C2121600043A76 /* Frameworks */,
				E60DFBCB24C2121600043A76 /* Resources */,
			);
			buildRules = (
			);
			dependencies = (
			);
			name = ezTask;
			packageProductDependencies = (
				E68450D124C84632005D72A5 /* ViewAnimator */,
				E6F95BA724D9A7FD0092DBF0 /* SideMenu */,
			);
			productName = ezTask;
			productReference = E60DFBCD24C2121600043A76 /* ezTask.app */;
			productType = "com.apple.product-type.application";
		};
/* End PBXNativeTarget section */

/* Begin PBXProject section */
		E60DFBC524C2121600043A76 /* Project object */ = {
			isa = PBXProject;
			attributes = {
				LastSwiftUpdateCheck = 1150;
				LastUpgradeCheck = 1150;
				ORGANIZATIONNAME = "Mike Ovyan";
				TargetAttributes = {
					E60DFBCC24C2121600043A76 = {
						CreatedOnToolsVersion = 11.5;
					};
				};
			};
			buildConfigurationList = E60DFBC824C2121600043A76 /* Build configuration list for PBXProject "ezTask" */;
			compatibilityVersion = "Xcode 9.3";
			developmentRegion = en;
			hasScannedForEncodings = 0;
			knownRegions = (
				en,
				Base,
			);
			mainGroup = E60DFBC424C2121600043A76;
			packageReferences = (
				E68450D024C84632005D72A5 /* XCRemoteSwiftPackageReference "ViewAnimator" */,
				E6F95BA624D9A7FD0092DBF0 /* XCRemoteSwiftPackageReference "SideMenu" */,
			);
			productRefGroup = E60DFBCE24C2121600043A76 /* Products */;
			projectDirPath = "";
			projectRoot = "";
			targets = (
				E60DFBCC24C2121600043A76 /* ezTask */,
			);
		};
/* End PBXProject section */

/* Begin PBXResourcesBuildPhase section */
		E60DFBCB24C2121600043A76 /* Resources */ = {
			isa = PBXResourcesBuildPhase;
			buildActionMask = 2147483647;
			files = (
				E60DFBDD24C2121B00043A76 /* LaunchScreen.storyboard in Resources */,
				E6A5CB9E24D829EA0036F45B /* sound-pop.mp3 in Resources */,
				E6A5CB9F24D829EA0036F45B /* sound-push.mp3 in Resources */,
				E6A5CB9C24D829EA0036F45B /* sound-done.mp3 in Resources */,
				E60DFBDA24C2121B00043A76 /* Assets.xcassets in Resources */,
				E6A5CB9D24D829EA0036F45B /* sound-pull.mp3 in Resources */,
			);
			runOnlyForDeploymentPostprocessing = 0;
		};
/* End PBXResourcesBuildPhase section */

/* Begin PBXSourcesBuildPhase section */
		E60DFBC924C2121600043A76 /* Sources */ = {
			isa = PBXSourcesBuildPhase;
			buildActionMask = 2147483647;
			files = (
				E6505E8724DB555900107180 /* SettingsVC.swift in Sources */,
				E64EFD2624D9ED7F00CC3208 /* ColorThemeVC.swift in Sources */,
				E68450D524C8924F005D72A5 /* CoreDataModel.xcdatamodeld in Sources */,
				E68E3F5524CF38E900E7EA7F /* Date.swift in Sources */,
				E63240DE24DAEFB1000D9F19 /* ColorThemeCell.swift in Sources */,
				E68E3F4524CF300300E7EA7F /* LocalNotifications.swift in Sources */,
				E6A5CB9624D81F320036F45B /* UIApplication.swift in Sources */,
				E6D6EEF024C37CE300AF82A3 /* TaskCell.swift in Sources */,
				E64EFD2324D9AD4900CC3208 /* MenuVC.swift in Sources */,
				E68E3F5224CF352600E7EA7F /* TaskModel.swift in Sources */,
				E60DFBD524C2121600043A76 /* MainVC.swift in Sources */,
				E69ADC9F24DAC1BA0009C120 /* Colors.swift in Sources */,
				E68E3F4F24CF34BA00E7EA7F /* CoreData.swift in Sources */,
				E656C30224C771FF00FCF85E /* NewTaskVC.swift in Sources */,
				E6D6EEEE24C2D94400AF82A3 /* DayCell.swift in Sources */,
				E6505E8424DB487800107180 /* MenuCell.swift in Sources */,
				E60DFBD124C2121600043A76 /* AppDelegate.swift in Sources */,
			);
			runOnlyForDeploymentPostprocessing = 0;
		};
/* End PBXSourcesBuildPhase section */

/* Begin PBXVariantGroup section */
		E60DFBDB24C2121B00043A76 /* LaunchScreen.storyboard */ = {
			isa = PBXVariantGroup;
			children = (
				E60DFBDC24C2121B00043A76 /* Base */,
			);
			name = LaunchScreen.storyboard;
			sourceTree = "<group>";
		};
/* End PBXVariantGroup section */

/* Begin XCBuildConfiguration section */
		E60DFBDF24C2121B00043A76 /* Debug */ = {
			isa = XCBuildConfiguration;
			buildSettings = {
				ALWAYS_SEARCH_USER_PATHS = NO;
				CLANG_ANALYZER_NONNULL = YES;
				CLANG_ANALYZER_NUMBER_OBJECT_CONVERSION = YES_AGGRESSIVE;
				CLANG_CXX_LANGUAGE_STANDARD = "gnu++14";
				CLANG_CXX_LIBRARY = "libc++";
				CLANG_ENABLE_MODULES = YES;
				CLANG_ENABLE_OBJC_ARC = YES;
				CLANG_ENABLE_OBJC_WEAK = YES;
				CLANG_WARN_BLOCK_CAPTURE_AUTORELEASING = YES;
				CLANG_WARN_BOOL_CONVERSION = YES;
				CLANG_WARN_COMMA = YES;
				CLANG_WARN_CONSTANT_CONVERSION = YES;
				CLANG_WARN_DEPRECATED_OBJC_IMPLEMENTATIONS = YES;
				CLANG_WARN_DIRECT_OBJC_ISA_USAGE = YES_ERROR;
				CLANG_WARN_DOCUMENTATION_COMMENTS = YES;
				CLANG_WARN_EMPTY_BODY = YES;
				CLANG_WARN_ENUM_CONVERSION = YES;
				CLANG_WARN_INFINITE_RECURSION = YES;
				CLANG_WARN_INT_CONVERSION = YES;
				CLANG_WARN_NON_LITERAL_NULL_CONVERSION = YES;
				CLANG_WARN_OBJC_IMPLICIT_RETAIN_SELF = YES;
				CLANG_WARN_OBJC_LITERAL_CONVERSION = YES;
				CLANG_WARN_OBJC_ROOT_CLASS = YES_ERROR;
				CLANG_WARN_RANGE_LOOP_ANALYSIS = YES;
				CLANG_WARN_STRICT_PROTOTYPES = YES;
				CLANG_WARN_SUSPICIOUS_MOVE = YES;
				CLANG_WARN_UNGUARDED_AVAILABILITY = YES_AGGRESSIVE;
				CLANG_WARN_UNREACHABLE_CODE = YES;
				CLANG_WARN__DUPLICATE_METHOD_MATCH = YES;
				COPY_PHASE_STRIP = NO;
				DEBUG_INFORMATION_FORMAT = dwarf;
				ENABLE_STRICT_OBJC_MSGSEND = YES;
				ENABLE_TESTABILITY = YES;
				GCC_C_LANGUAGE_STANDARD = gnu11;
				GCC_DYNAMIC_NO_PIC = NO;
				GCC_NO_COMMON_BLOCKS = YES;
				GCC_OPTIMIZATION_LEVEL = 0;
				GCC_PREPROCESSOR_DEFINITIONS = (
					"DEBUG=1",
					"$(inherited)",
				);
				GCC_WARN_64_TO_32_BIT_CONVERSION = YES;
				GCC_WARN_ABOUT_RETURN_TYPE = YES_ERROR;
				GCC_WARN_UNDECLARED_SELECTOR = YES;
				GCC_WARN_UNINITIALIZED_AUTOS = YES_AGGRESSIVE;
				GCC_WARN_UNUSED_FUNCTION = YES;
				GCC_WARN_UNUSED_VARIABLE = YES;
				IPHONEOS_DEPLOYMENT_TARGET = 13.0;
				MTL_ENABLE_DEBUG_INFO = INCLUDE_SOURCE;
				MTL_FAST_MATH = YES;
				ONLY_ACTIVE_ARCH = YES;
				SDKROOT = iphoneos;
				SWIFT_ACTIVE_COMPILATION_CONDITIONS = DEBUG;
				SWIFT_OPTIMIZATION_LEVEL = "-Onone";
			};
			name = Debug;
		};
		E60DFBE024C2121B00043A76 /* Release */ = {
			isa = XCBuildConfiguration;
			buildSettings = {
				ALWAYS_SEARCH_USER_PATHS = NO;
				CLANG_ANALYZER_NONNULL = YES;
				CLANG_ANALYZER_NUMBER_OBJECT_CONVERSION = YES_AGGRESSIVE;
				CLANG_CXX_LANGUAGE_STANDARD = "gnu++14";
				CLANG_CXX_LIBRARY = "libc++";
				CLANG_ENABLE_MODULES = YES;
				CLANG_ENABLE_OBJC_ARC = YES;
				CLANG_ENABLE_OBJC_WEAK = YES;
				CLANG_WARN_BLOCK_CAPTURE_AUTORELEASING = YES;
				CLANG_WARN_BOOL_CONVERSION = YES;
				CLANG_WARN_COMMA = YES;
				CLANG_WARN_CONSTANT_CONVERSION = YES;
				CLANG_WARN_DEPRECATED_OBJC_IMPLEMENTATIONS = YES;
				CLANG_WARN_DIRECT_OBJC_ISA_USAGE = YES_ERROR;
				CLANG_WARN_DOCUMENTATION_COMMENTS = YES;
				CLANG_WARN_EMPTY_BODY = YES;
				CLANG_WARN_ENUM_CONVERSION = YES;
				CLANG_WARN_INFINITE_RECURSION = YES;
				CLANG_WARN_INT_CONVERSION = YES;
				CLANG_WARN_NON_LITERAL_NULL_CONVERSION = YES;
				CLANG_WARN_OBJC_IMPLICIT_RETAIN_SELF = YES;
				CLANG_WARN_OBJC_LITERAL_CONVERSION = YES;
				CLANG_WARN_OBJC_ROOT_CLASS = YES_ERROR;
				CLANG_WARN_RANGE_LOOP_ANALYSIS = YES;
				CLANG_WARN_STRICT_PROTOTYPES = YES;
				CLANG_WARN_SUSPICIOUS_MOVE = YES;
				CLANG_WARN_UNGUARDED_AVAILABILITY = YES_AGGRESSIVE;
				CLANG_WARN_UNREACHABLE_CODE = YES;
				CLANG_WARN__DUPLICATE_METHOD_MATCH = YES;
				COPY_PHASE_STRIP = NO;
				DEBUG_INFORMATION_FORMAT = "dwarf-with-dsym";
				ENABLE_NS_ASSERTIONS = NO;
				ENABLE_STRICT_OBJC_MSGSEND = YES;
				GCC_C_LANGUAGE_STANDARD = gnu11;
				GCC_NO_COMMON_BLOCKS = YES;
				GCC_WARN_64_TO_32_BIT_CONVERSION = YES;
				GCC_WARN_ABOUT_RETURN_TYPE = YES_ERROR;
				GCC_WARN_UNDECLARED_SELECTOR = YES;
				GCC_WARN_UNINITIALIZED_AUTOS = YES_AGGRESSIVE;
				GCC_WARN_UNUSED_FUNCTION = YES;
				GCC_WARN_UNUSED_VARIABLE = YES;
				IPHONEOS_DEPLOYMENT_TARGET = 13.0;
				MTL_ENABLE_DEBUG_INFO = NO;
				MTL_FAST_MATH = YES;
				SDKROOT = iphoneos;
				SWIFT_COMPILATION_MODE = wholemodule;
				SWIFT_OPTIMIZATION_LEVEL = "-O";
				VALIDATE_PRODUCT = YES;
			};
			name = Release;
		};
		E60DFBE224C2121B00043A76 /* Debug */ = {
			isa = XCBuildConfiguration;
			buildSettings = {
				ASSETCATALOG_COMPILER_APPICON_NAME = AppIcon;
				CODE_SIGN_STYLE = Automatic;
				CURRENT_PROJECT_VERSION = 4;
				DEVELOPMENT_TEAM = S77KJ672M8;
				INFOPLIST_FILE = ezTask/Info.plist;
				IPHONEOS_DEPLOYMENT_TARGET = 13.0;
				LD_RUNPATH_SEARCH_PATHS = (
					"$(inherited)",
					"@executable_path/Frameworks",
				);
				MARKETING_VERSION = 1.1;
				PRODUCT_BUNDLE_IDENTIFIER = com.indexStorm.ezTask;
				PRODUCT_NAME = "$(TARGET_NAME)";
				SWIFT_VERSION = 5.0;
				TARGETED_DEVICE_FAMILY = "1,2";
			};
			name = Debug;
		};
		E60DFBE324C2121B00043A76 /* Release */ = {
			isa = XCBuildConfiguration;
			buildSettings = {
				ASSETCATALOG_COMPILER_APPICON_NAME = AppIcon;
				CODE_SIGN_STYLE = Automatic;
				CURRENT_PROJECT_VERSION = 4;
				DEVELOPMENT_TEAM = S77KJ672M8;
				INFOPLIST_FILE = ezTask/Info.plist;
				IPHONEOS_DEPLOYMENT_TARGET = 13.0;
				LD_RUNPATH_SEARCH_PATHS = (
					"$(inherited)",
					"@executable_path/Frameworks",
				);
				MARKETING_VERSION = 1.1;
				PRODUCT_BUNDLE_IDENTIFIER = com.indexStorm.ezTask;
				PRODUCT_NAME = "$(TARGET_NAME)";
				SWIFT_VERSION = 5.0;
				TARGETED_DEVICE_FAMILY = "1,2";
			};
			name = Release;
		};
/* End XCBuildConfiguration section */

/* Begin XCConfigurationList section */
		E60DFBC824C2121600043A76 /* Build configuration list for PBXProject "ezTask" */ = {
			isa = XCConfigurationList;
			buildConfigurations = (
				E60DFBDF24C2121B00043A76 /* Debug */,
				E60DFBE024C2121B00043A76 /* Release */,
			);
			defaultConfigurationIsVisible = 0;
			defaultConfigurationName = Release;
		};
		E60DFBE124C2121B00043A76 /* Build configuration list for PBXNativeTarget "ezTask" */ = {
			isa = XCConfigurationList;
			buildConfigurations = (
				E60DFBE224C2121B00043A76 /* Debug */,
				E60DFBE324C2121B00043A76 /* Release */,
			);
			defaultConfigurationIsVisible = 0;
			defaultConfigurationName = Release;
		};
/* End XCConfigurationList section */

/* Begin XCRemoteSwiftPackageReference section */
		E68450D024C84632005D72A5 /* XCRemoteSwiftPackageReference "ViewAnimator" */ = {
			isa = XCRemoteSwiftPackageReference;
			repositoryURL = "https://github.com/marcosgriselli/ViewAnimator";
			requirement = {
				kind = upToNextMajorVersion;
				minimumVersion = 2.7.0;
			};
		};
		E6F95BA624D9A7FD0092DBF0 /* XCRemoteSwiftPackageReference "SideMenu" */ = {
			isa = XCRemoteSwiftPackageReference;
			repositoryURL = "https://github.com/jonkykong/SideMenu";
			requirement = {
				kind = upToNextMajorVersion;
				minimumVersion = 6.4.8;
			};
		};
/* End XCRemoteSwiftPackageReference section */

/* Begin XCSwiftPackageProductDependency section */
		E68450D124C84632005D72A5 /* ViewAnimator */ = {
			isa = XCSwiftPackageProductDependency;
			package = E68450D024C84632005D72A5 /* XCRemoteSwiftPackageReference "ViewAnimator" */;
			productName = ViewAnimator;
		};
		E6F95BA724D9A7FD0092DBF0 /* SideMenu */ = {
			isa = XCSwiftPackageProductDependency;
			package = E6F95BA624D9A7FD0092DBF0 /* XCRemoteSwiftPackageReference "SideMenu" */;
			productName = SideMenu;
		};
/* End XCSwiftPackageProductDependency section */

/* Begin XCVersionGroup section */
		E68450D324C8924F005D72A5 /* CoreDataModel.xcdatamodeld */ = {
			isa = XCVersionGroup;
			children = (
				E68450D424C8924F005D72A5 /* TaskDataModel.xcdatamodel */,
			);
			currentVersion = E68450D424C8924F005D72A5 /* TaskDataModel.xcdatamodel */;
			path = CoreDataModel.xcdatamodeld;
			sourceTree = "<group>";
			versionGroupType = wrapper.xcdatamodel;
		};
/* End XCVersionGroup section */
	};
	rootObject = E60DFBC524C2121600043A76 /* Project object */;
}
